
Microsoft Visual Studio Solution File, Format Version 12.00
# Visual Studio Version 17
VisualStudioVersion = 17.7.34221.43
MinimumVisualStudioVersion = 10.0.40219.1
Project("{FAE04EC0-301F-11D3-BF4B-00C04F79EFBC}") = "Dict", "Dict.csproj", "{EC92AC5D-4AB7-4BCF-B399-793E1D9C791C}"
EndProject
Global
	GlobalSection(SolutionConfigurationPlatforms) = preSolution
		Debug|Any CPU = Debug|Any CPU
		Release|Any CPU = Release|Any CPU
	EndGlobalSection
	GlobalSection(ProjectConfigurationPlatforms) = postSolution
		{EC92AC5D-4AB7-4BCF-B399-793E1D9C791C}.Debug|Any CPU.ActiveCfg = Debug|Any CPU
		{EC92AC5D-4AB7-4BCF-B399-793E1D9C791C}.Debug|Any CPU.Build.0 = Debug|Any CPU
		{EC92AC5D-4AB7-4BCF-B399-793E1D9C791C}.Release|Any CPU.ActiveCfg = Release|Any CPU
		{EC92AC5D-4AB7-4BCF-B399-793E1D9C791C}.Release|Any CPU.Build.0 = Release|Any CPU
	EndGlobalSection
	GlobalSection(SolutionProperties) = preSolution
		HideSolutionNode = FALSE
	EndGlobalSection
	GlobalSection(ExtensibilityGlobals) = postSolution
		SolutionGuid = {33D54968-AA06-4F5D-BB62-AE67E1B2DCEC}
	EndGlobalSection
EndGlobal
